Microsoft Visual Studio Solution File, Format Version 12.00
# Visual Studio Version 17
VisualStudioVersion = 17.5.2.0
MinimumVisualStudioVersion = 10.0.40219.1
Project("{FAE04EC0-301F-11D3-BF4B-00C04F79EFBC}") = "cloudinary", "cloudinary.csproj", "{32905BB9-7228-4A73-6BD7-F65D1128A833}"
EndProject
Global
	GlobalSection(SolutionConfigurationPlatforms) = preSolution
		Debug|Any CPU = Debug|Any CPU
		Release|Any CPU = Release|Any CPU
	EndGlobalSection
	GlobalSection(ProjectConfigurationPlatforms) = postSolution
		{32905BB9-7228-4A73-6BD7-F65D1128A833}.Debug|Any CPU.ActiveCfg = Debug|Any CPU
		{32905BB9-7228-4A73-6BD7-F65D1128A833}.Debug|Any CPU.Build.0 = Debug|Any CPU
		{32905BB9-7228-4A73-6BD7-F65D1128A833}.Release|Any CPU.ActiveCfg = Release|Any CPU
		{32905BB9-7228-4A73-6BD7-F65D1128A833}.Release|Any CPU.Build.0 = Release|Any CPU
	EndGlobalSection
	GlobalSection(SolutionProperties) = preSolution
		HideSolutionNode = FALSE
	EndGlobalSection
	GlobalSection(ExtensibilityGlobals) = postSolution
		SolutionGuid = {4D66F25B-4FE0-4959-BE96-0A0B272E1255}
	EndGlobalSection
EndGlobal
